
Microsoft Visual Studio Solution File, Format Version 12.00
# Visual Studio 15
VisualStudioVersion = 15.0.28307.489
MinimumVisualStudioVersion = 10.0.40219.1
Project("{FAE04EC0-301F-11D3-BF4B-00C04F79EFBC}") = "WhatsNew", "WhatsNew\WhatsNew.csproj", "{BCA03D82-418B-4041-A577-270D3877D72D}"
EndProject
Project("{FAE04EC0-301F-11D3-BF4B-00C04F79EFBC}") = "WhatsNew.Test", "NUnitTestProject1\WhatsNew.Test.csproj", "{33AE9702-FA2F-4EE3-8C30-6E6699819A69}"
EndProject
Global
	GlobalSection(SolutionConfigurationPlatforms) = preSolution
		Debug|Any CPU = Debug|Any CPU
		Release|Any CPU = Release|Any CPU
	EndGlobalSection
	GlobalSection(ProjectConfigurationPlatforms) = postSolution
		{BCA03D82-418B-4041-A577-270D3877D72D}.Debug|Any CPU.ActiveCfg = Debug|Any CPU
		{BCA03D82-418B-4041-A577-270D3877D72D}.Debug|Any CPU.Build.0 = Debug|Any CPU
		{BCA03D82-418B-4041-A577-270D3877D72D}.Release|Any CPU.ActiveCfg = Release|Any CPU
		{BCA03D82-418B-4041-A577-270D3877D72D}.Release|Any CPU.Build.0 = Release|Any CPU
		{33AE9702-FA2F-4EE3-8C30-6E6699819A69}.Debug|Any CPU.ActiveCfg = Debug|Any CPU
		{33AE9702-FA2F-4EE3-8C30-6E6699819A69}.Debug|Any CPU.Build.0 = Debug|Any CPU
		{33AE9702-FA2F-4EE3-8C30-6E6699819A69}.Release|Any CPU.ActiveCfg = Release|Any CPU
		{33AE9702-FA2F-4EE3-8C30-6E6699819A69}.Release|Any CPU.Build.0 = Release|Any CPU
	EndGlobalSection
	GlobalSection(SolutionProperties) = preSolution
		HideSolutionNode = FALSE
	EndGlobalSection
	GlobalSection(ExtensibilityGlobals) = postSolution
		SolutionGuid = {203AF5E1-3143-4068-A57B-58E20475DC66}
	EndGlobalSection
EndGlobal
